
Microsoft Visual Studio Solution File, Format Version 12.00
# Visual Studio Version 16
VisualStudioVersion = 16.0.29509.3
MinimumVisualStudioVersion = 10.0.40219.1
Project("{FAE04EC0-301F-11D3-BF4B-00C04F79EFBC}") = "AG_AAC103", "AG_AAC103\AG_AAC103.csproj", "{07454C34-24B8-4887-8C27-A274CCD291F4}"
EndProject
Global
	GlobalSection(SolutionConfigurationPlatforms) = preSolution
		Debug|Any CPU = Debug|Any CPU
		Release|Any CPU = Release|Any CPU
	EndGlobalSection
	GlobalSection(ProjectConfigurationPlatforms) = postSolution
		{07454C34-24B8-4887-8C27-A274CCD291F4}.Debug|Any CPU.ActiveCfg = Debug|Any CPU
		{07454C34-24B8-4887-8C27-A274CCD291F4}.Debug|Any CPU.Build.0 = Debug|Any CPU
		{07454C34-24B8-4887-8C27-A274CCD291F4}.Release|Any CPU.ActiveCfg = Release|Any CPU
		{07454C34-24B8-4887-8C27-A274CCD291F4}.Release|Any CPU.Build.0 = Release|Any CPU
	EndGlobalSection
	GlobalSection(SolutionProperties) = preSolution
		HideSolutionNode = FALSE
	EndGlobalSection
	GlobalSection(ExtensibilityGlobals) = postSolution
		SolutionGuid = {EBC297B1-3D0C-4DC5-8DF9-1F92CF6DE4F7}
	EndGlobalSection
EndGlobal
